
Microsoft Visual Studio Solution File, Format Version 12.00
# Visual Studio Version 17
VisualStudioVersion = 17.1.32328.378
MinimumVisualStudioVersion = 10.0.40219.1
Project("{FAE04EC0-301F-11D3-BF4B-00C04F79EFBC}") = "AdventureWorksAPI", "AdventureWorksAPI\AdventureWorksAPI.csproj", "{FF48E19F-351F-4B01-BD11-4EC46F058834}"
EndProject
Global
	GlobalSection(SolutionConfigurationPlatforms) = preSolution
		Debug|Any CPU = Debug|Any CPU
		Release|Any CPU = Release|Any CPU
	EndGlobalSection
	GlobalSection(ProjectConfigurationPlatforms) = postSolution
		{FF48E19F-351F-4B01-BD11-4EC46F058834}.Debug|Any CPU.ActiveCfg = Debug|Any CPU
		{FF48E19F-351F-4B01-BD11-4EC46F058834}.Debug|Any CPU.Build.0 = Debug|Any CPU
		{FF48E19F-351F-4B01-BD11-4EC46F058834}.Release|Any CPU.ActiveCfg = Release|Any CPU
		{FF48E19F-351F-4B01-BD11-4EC46F058834}.Release|Any CPU.Build.0 = Release|Any CPU
	EndGlobalSection
	GlobalSection(SolutionProperties) = preSolution
		HideSolutionNode = FALSE
	EndGlobalSection
	GlobalSection(ExtensibilityGlobals) = postSolution
		SolutionGuid = {D7245D99-CE20-48C5-A5D9-4061FA802B05}
	EndGlobalSection
EndGlobal
